PODS:
  - flutter_opus (0.0.1):
    - FlutterMacOS
  - FlutterMacOS (1.0.0)

DEPENDENCIES:
  - flutter_opus (from `Flutter/ephemeral/.symlinks/plugins/flutter_opus/macos`)
  - FlutterMacOS (from `Flutter/ephemeral`)

EXTERNAL SOURCES:
  flutter_opus:
    :path: Flutter/ephemeral/.symlinks/plugins/flutter_opus/macos
  FlutterMacOS:
    :path: Flutter/ephemeral

SPEC CHECKSUMS:
  flutter_opus: cc4cd40ca55f601f46e947f9652b111d2933dcce
  FlutterMacOS: d0db08ddef1a9af05a5ec4b724367152bb0500b1

PODFILE CHECKSUM: 54d867c82ac51cbd61b565781b9fada492027009

COCOAPODS: 1.17.0
