PODS:
  - flutter_opus (0.0.1):
    - FlutterMacOS
  - FlutterMacOS (1.0.0)

DEPENDENCIES:
  - flutter_opus (from `Flutter/ephemeral/.symlinks/plugins/flutter_opus/macos`)
  - FlutterMacOS (from `Flutter/ephemeral`)

EXTERNAL SOURCES:
  flutter_opus:
    :path: Flutter/ephemeral/.symlinks/plugins/flutter_opus/macos
  FlutterMacOS:
    :path: Flutter/ephemeral

SPEC CHECKSUMS:
  flutter_opus: cc4cd40ca55f601f46e947f9652b111d2933dcce
  FlutterMacOS: c232990155153907050900a2e175c7773903ba4e

PODFILE CHECKSUM: 1e95c36afbfd1cb6423ceca4de7a8e1b256fb6ac

COCOAPODS: 1.17.0
