PODS:
  - Flutter (1.0.0)
  - flutter_opus (0.0.1):
    - Flutter

DEPENDENCIES:
  - Flutter (from `Flutter`)
  - flutter_opus (from `.symlinks/plugins/flutter_opus/ios`)

EXTERNAL SOURCES:
  Flutter:
    :path: Flutter
  flutter_opus:
    :path: ".symlinks/plugins/flutter_opus/ios"

SPEC CHECKSUMS:
  Flutter: cabc95a1d2626b1b06e7179b784ebcf0c0cde467
  flutter_opus: 67e517db29860d407541fae63afadefe15236183

PODFILE CHECKSUM: 288656d4464589360115d6f81dd5d8f559352730

COCOAPODS: 1.17.0
